// !$*UTF8*$!
{
	archiveVersion = 1;
	classes = {
	};
	objectVersion = 46;
	objects = {

/* Begin PBXBuildFile section */
		4A7CE9151CEC9A52005C0C3D /* AppDelegate.swift in Sources */ = {isa = PBXBuildFile; fileRef = 4A7CE9141CEC9A52005C0C3D /* AppDelegate.swift */; };
		4A7CE9171CEC9A52005C0C3D /* ViewController.swift in Sources */ = {isa = PBXBuildFile; fileRef = 4A7CE9161CEC9A52005C0C3D /* ViewController.swift */; };
		4A7CE91A1CEC9A52005C0C3D /* Main.storyboard in Resources */ = {isa = PBXBuildFile; fileRef = 4A7CE9181CEC9A52005C0C3D /* Main.storyboard */; };
		4A7CE91C1CEC9A52005C0C3D /* Assets.xcassets in Resources */ = {isa = PBXBuildFile; fileRef = 4A7CE91B1CEC9A52005C0C3D /* Assets.xcassets */; };
		4A7CE91F1CEC9A52005C0C3D /* LaunchScreen.storyboard in Resources */ = {isa = PBXBuildFile; fileRef = 4A7CE91D1CEC9A52005C0C3D /* LaunchScreen.storyboard */; };
		4A7CE92A1CEC9A52005C0C3D /* Sanjay_JenkinsTests.swift in Sources */ = {isa = PBXBuildFile; fileRef = 4A7CE9291CEC9A52005C0C3D /* Sanjay_JenkinsTests.swift */; };
		4A7CE9351CEC9A52005C0C3D /* Sanjay_JenkinsUITests.swift in Sources */ = {isa = PBXBuildFile; fileRef = 4A7CE9341CEC9A52005C0C3D /* Sanjay_JenkinsUITests.swift */; };
/* End PBXBuildFile section */

/* Begin PBXContainerItemProxy section */
		4A7CE9261CEC9A52005C0C3D /* PBXContainerItemProxy */ = {
			isa = PBXContainerItemProxy;
			containerPortal = 4A7CE9091CEC9A52005C0C3D /* Project object */;
			proxyType = 1;
			remoteGlobalIDString = 4A7CE9101CEC9A52005C0C3D;
			remoteInfo = Sanjay_Jenkins;
		};
		4A7CE9311CEC9A52005C0C3D /* PBXContainerItemProxy */ = {
			isa = PBXContainerItemProxy;
			containerPortal = 4A7CE9091CEC9A52005C0C3D /* Project object */;
			proxyType = 1;
			remoteGlobalIDString = 4A7CE9101CEC9A52005C0C3D;
			remoteInfo = Sanjay_Jenkins;
		};
/* End PBXContainerItemProxy section */

/* Begin PBXFileReference section */
		4A7CE9111CEC9A52005C0C3D /* Sanjay_Jenkins.app */ = {isa = PBXFileReference; explicitFileType = wrapper.application; includeInIndex = 0; path = Sanjay_Jenkins.app; sourceTree = BUILT_PRODUCTS_DIR; };
		4A7CE9141CEC9A52005C0C3D /* AppDelegate.swift */ = {isa = PBXFileReference; lastKnownFileType = sourcecode.swift; path = AppDelegate.swift; sourceTree = "<group>"; };
		4A7CE9161CEC9A52005C0C3D /* ViewController.swift */ = {isa = PBXFileReference; lastKnownFileType = sourcecode.swift; path = ViewController.swift; sourceTree = "<group>"; };
		4A7CE9191CEC9A52005C0C3D /* Base */ = {isa = PBXFileReference; lastKnownFileType = file.storyboard; name = Base; path = Base.lproj/Main.storyboard; sourceTree = "<group>"; };
		4A7CE91B1CEC9A52005C0C3D /* Assets.xcassets */ = {isa = PBXFileReference; lastKnownFileType = folder.assetcatalog; path = Assets.xcassets; sourceTree = "<group>"; };
		4A7CE91E1CEC9A52005C0C3D /* Base */ = {isa = PBXFileReference; lastKnownFileType = file.storyboard; name = Base; path = Base.lproj/LaunchScreen.storyboard; sourceTree = "<group>"; };
		4A7CE9201CEC9A52005C0C3D /* Info.plist */ = {isa = PBXFileReference; lastKnownFileType = text.plist.xml; path = Info.plist; sourceTree = "<group>"; };
		4A7CE9251CEC9A52005C0C3D /* Sanjay_JenkinsTests.xctest */ = {isa = PBXFileReference; explicitFileType = wrapper.cfbundle; includeInIndex = 0; path = Sanjay_JenkinsTests.xctest; sourceTree = BUILT_PRODUCTS_DIR; };
		4A7CE9291CEC9A52005C0C3D /* Sanjay_JenkinsTests.swift */ = {isa = PBXFileReference; lastKnownFileType = sourcecode.swift; path = Sanjay_JenkinsTests.swift; sourceTree = "<group>"; };
		4A7CE92B1CEC9A52005C0C3D /* Info.plist */ = {isa = PBXFileReference; lastKnownFileType = text.plist.xml; path = Info.plist; sourceTree = "<group>"; };
		4A7CE9301CEC9A52005C0C3D /* Sanjay_JenkinsUITests.xctest */ = {isa = PBXFileReference; explicitFileType = wrapper.cfbundle; includeInIndex = 0; path = Sanjay_JenkinsUITests.xctest; sourceTree = BUILT_PRODUCTS_DIR; };
		4A7CE9341CEC9A52005C0C3D /* Sanjay_JenkinsUITests.swift */ = {isa = PBXFileReference; lastKnownFileType = sourcecode.swift; path = Sanjay_JenkinsUITests.swift; sourceTree = "<group>"; };
		4A7CE9361CEC9A52005C0C3D /* Info.plist */ = {isa = PBXFileReference; lastKnownFileType = text.plist.xml; path = Info.plist; sourceTree = "<group>"; };
/* End PBXFileReference section */

/* Begin PBXFrameworksBuildPhase section */
		4A7CE90E1CEC9A52005C0C3D /* Frameworks */ = {
			isa = PBXFrameworksBuildPhase;
			buildActionMask = 2147483647;
			files = (
			);
			runOnlyForDeploymentPostprocessing = 0;
		};
		4A7CE9221CEC9A52005C0C3D /* Frameworks */ = {
			isa = PBXFrameworksBuildPhase;
			buildActionMask = 2147483647;
			files = (
			);
			runOnlyForDeploymentPostprocessing = 0;
		};
		4A7CE92D1CEC9A52005C0C3D /* Frameworks */ = {
			isa = PBXFrameworksBuildPhase;
			buildActionMask = 2147483647;
			files = (
			);
			runOnlyForDeploymentPostprocessing = 0;
		};
/* End PBXFrameworksBuildPhase section */

/* Begin PBXGroup section */
		4A7CE9081CEC9A52005C0C3D = {
			isa = PBXGroup;
			children = (
				4A7CE9131CEC9A52005C0C3D /* Sanjay_Jenkins */,
				4A7CE9281CEC9A52005C0C3D /* Sanjay_JenkinsTests */,
				4A7CE9331CEC9A52005C0C3D /* Sanjay_JenkinsUITests */,
				4A7CE9121CEC9A52005C0C3D /* Products */,
			);
			sourceTree = "<group>";
		};
		4A7CE9121CEC9A52005C0C3D /* Products */ = {
			isa = PBXGroup;
			children = (
				4A7CE9111CEC9A52005C0C3D /* Sanjay_Jenkins.app */,
				4A7CE9251CEC9A52005C0C3D /* Sanjay_JenkinsTests.xctest */,
				4A7CE9301CEC9A52005C0C3D /* Sanjay_JenkinsUITests.xctest */,
			);
			name = Products;
			sourceTree = "<group>";
		};
		4A7CE9131CEC9A52005C0C3D /* Sanjay_Jenkins */ = {
			isa = PBXGroup;
			children = (
				4A7CE9141CEC9A52005C0C3D /* AppDelegate.swift */,
				4A7CE9161CEC9A52005C0C3D /* ViewController.swift */,
				4A7CE9181CEC9A52005C0C3D /* Main.storyboard */,
				4A7CE91B1CEC9A52005C0C3D /* Assets.xcassets */,
				4A7CE91D1CEC9A52005C0C3D /* LaunchScreen.storyboard */,
				4A7CE9201CEC9A52005C0C3D /* Info.plist */,
			);
			path = Sanjay_Jenkins;
			sourceTree = "<group>";
		};
		4A7CE9281CEC9A52005C0C3D /* Sanjay_JenkinsTests */ = {
			isa = PBXGroup;
			children = (
				4A7CE9291CEC9A52005C0C3D /* Sanjay_JenkinsTests.swift */,
				4A7CE92B1CEC9A52005C0C3D /* Info.plist */,
			);
			path = Sanjay_JenkinsTests;
			sourceTree = "<group>";
		};
		4A7CE9331CEC9A52005C0C3D /* Sanjay_JenkinsUITests */ = {
			isa = PBXGroup;
			children = (
				4A7CE9341CEC9A52005C0C3D /* Sanjay_JenkinsUITests.swift */,
				4A7CE9361CEC9A52005C0C3D /* Info.plist */,
			);
			path = Sanjay_JenkinsUITests;
			sourceTree = "<group>";
		};
/* End PBXGroup section */

/* Begin PBXNativeTarget section */
		4A7CE9101CEC9A52005C0C3D /* Sanjay_Jenkins */ = {
			isa = PBXNativeTarget;
			buildConfigurationList = 4A7CE9391CEC9A52005C0C3D /* Build configuration list for PBXNativeTarget "Sanjay_Jenkins" */;
			buildPhases = (
				4A7CE90D1CEC9A52005C0C3D /* Sources */,
				4A7CE90E1CEC9A52005C0C3D /* Frameworks */,
				4A7CE90F1CEC9A52005C0C3D /* Resources */,
			);
			buildRules = (
			);
			dependencies = (
			);
			name = Sanjay_Jenkins;
			productName = Sanjay_Jenkins;
			productReference = 4A7CE9111CEC9A52005C0C3D /* Sanjay_Jenkins.app */;
			productType = "com.apple.product-type.application";
		};
		4A7CE9241CEC9A52005C0C3D /* Sanjay_JenkinsTests */ = {
			isa = PBXNativeTarget;
			buildConfigurationList = 4A7CE93C1CEC9A52005C0C3D /* Build configuration list for PBXNativeTarget "Sanjay_JenkinsTests" */;
			buildPhases = (
				4A7CE9211CEC9A52005C0C3D /* Sources */,
				4A7CE9221CEC9A52005C0C3D /* Frameworks */,
				4A7CE9231CEC9A52005C0C3D /* Resources */,
			);
			buildRules = (
			);
			dependencies = (
				4A7CE9271CEC9A52005C0C3D /* PBXTargetDependency */,
			);
			name = Sanjay_JenkinsTests;
			productName = Sanjay_JenkinsTests;
			productReference = 4A7CE9251CEC9A52005C0C3D /* Sanjay_JenkinsTests.xctest */;
			productType = "com.apple.product-type.bundle.unit-test";
		};
		4A7CE92F1CEC9A52005C0C3D /* Sanjay_JenkinsUITests */ = {
			isa = PBXNativeTarget;
			buildConfigurationList = 4A7CE93F1CEC9A52005C0C3D /* Build configuration list for PBXNativeTarget "Sanjay_JenkinsUITests" */;
			buildPhases = (
				4A7CE92C1CEC9A52005C0C3D /* Sources */,
				4A7CE92D1CEC9A52005C0C3D /* Frameworks */,
				4A7CE92E1CEC9A52005C0C3D /* Resources */,
			);
			buildRules = (
			);
			dependencies = (
				4A7CE9321CEC9A52005C0C3D /* PBXTargetDependency */,
			);
			name = Sanjay_JenkinsUITests;
			productName = Sanjay_JenkinsUITests;
			productReference = 4A7CE9301CEC9A52005C0C3D /* Sanjay_JenkinsUITests.xctest */;
			productType = "com.apple.product-type.bundle.ui-testing";
		};
/* End PBXNativeTarget section */

/* Begin PBXProject section */
		4A7CE9091CEC9A52005C0C3D /* Project object */ = {
			isa = PBXProject;
			attributes = {
				LastSwiftUpdateCheck = 0720;
				LastUpgradeCheck = 0720;
				ORGANIZATIONNAME = Harry;
				TargetAttributes = {
					4A7CE9101CEC9A52005C0C3D = {
						CreatedOnToolsVersion = 7.2;
						DevelopmentTeam = T9PVZR5SPF;
					};
					4A7CE9241CEC9A52005C0C3D = {
						CreatedOnToolsVersion = 7.2;
						TestTargetID = 4A7CE9101CEC9A52005C0C3D;
					};
					4A7CE92F1CEC9A52005C0C3D = {
						CreatedOnToolsVersion = 7.2;
						TestTargetID = 4A7CE9101CEC9A52005C0C3D;
					};
				};
			};
			buildConfigurationList = 4A7CE90C1CEC9A52005C0C3D /* Build configuration list for PBXProject "Sanjay_Jenkins" */;
			compatibilityVersion = "Xcode 3.2";
			developmentRegion = English;
			hasScannedForEncodings = 0;
			knownRegions = (
				en,
				Base,
			);
			mainGroup = 4A7CE9081CEC9A52005C0C3D;
			productRefGroup = 4A7CE9121CEC9A52005C0C3D /* Products */;
			projectDirPath = "";
			projectRoot = "";
			targets = (
				4A7CE9101CEC9A52005C0C3D /* Sanjay_Jenkins */,
				4A7CE9241CEC9A52005C0C3D /* Sanjay_JenkinsTests */,
				4A7CE92F1CEC9A52005C0C3D /* Sanjay_JenkinsUITests */,
			);
		};
/* End PBXProject section */

/* Begin PBXResourcesBuildPhase section */
		4A7CE90F1CEC9A52005C0C3D /* Resources */ = {
			isa = PBXResourcesBuildPhase;
			buildActionMask = 2147483647;
			files = (
				4A7CE91F1CEC9A52005C0C3D /* LaunchScreen.storyboard in Resources */,
				4A7CE91C1CEC9A52005C0C3D /* Assets.xcassets in Resources */,
				4A7CE91A1CEC9A52005C0C3D /* Main.storyboard in Resources */,
			);
			runOnlyForDeploymentPostprocessing = 0;
		};
		4A7CE9231CEC9A52005C0C3D /* Resources */ = {
			isa = PBXResourcesBuildPhase;
			buildActionMask = 2147483647;
			files = (
			);
			runOnlyForDeploymentPostprocessing = 0;
		};
		4A7CE92E1CEC9A52005C0C3D /* Resources */ = {
			isa = PBXResourcesBuildPhase;
			buildActionMask = 2147483647;
			files = (
			);
			runOnlyForDeploymentPostprocessing = 0;
		};
/* End PBXResourcesBuildPhase section */

/* Begin PBXSourcesBuildPhase section */
		4A7CE90D1CEC9A52005C0C3D /* Sources */ = {
			isa = PBXSourcesBuildPhase;
			buildActionMask = 2147483647;
			files = (
				4A7CE9171CEC9A52005C0C3D /* ViewController.swift in Sources */,
				4A7CE9151CEC9A52005C0C3D /* AppDelegate.swift in Sources */,
			);
			runOnlyForDeploymentPostprocessing = 0;
		};
		4A7CE9211CEC9A52005C0C3D /* Sources */ = {
			isa = PBXSourcesBuildPhase;
			buildActionMask = 2147483647;
			files = (
				4A7CE92A1CEC9A52005C0C3D /* Sanjay_JenkinsTests.swift in Sources */,
			);
			runOnlyForDeploymentPostprocessing = 0;
		};
		4A7CE92C1CEC9A52005C0C3D /* Sources */ = {
			isa = PBXSourcesBuildPhase;
			buildActionMask = 2147483647;
			files = (
				4A7CE9351CEC9A52005C0C3D /* Sanjay_JenkinsUITests.swift in Sources */,
			);
			runOnlyForDeploymentPostprocessing = 0;
		};
/* End PBXSourcesBuildPhase section */

/* Begin PBXTargetDependency section */
		4A7CE9271CEC9A52005C0C3D /* PBXTargetDependency */ = {
			isa = PBXTargetDependency;
			target = 4A7CE9101CEC9A52005C0C3D /* Sanjay_Jenkins */;
			targetProxy = 4A7CE9261CEC9A52005C0C3D /* PBXContainerItemProxy */;
		};
		4A7CE9321CEC9A52005C0C3D /* PBXTargetDependency */ = {
			isa = PBXTargetDependency;
			target = 4A7CE9101CEC9A52005C0C3D /* Sanjay_Jenkins */;
			targetProxy = 4A7CE9311CEC9A52005C0C3D /* PBXContainerItemProxy */;
		};
/* End PBXTargetDependency section */

/* Begin PBXVariantGroup section */
		4A7CE9181CEC9A52005C0C3D /* Main.storyboard */ = {
			isa = PBXVariantGroup;
			children = (
				4A7CE9191CEC9A52005C0C3D /* Base */,
			);
			name = Main.storyboard;
			sourceTree = "<group>";
		};
		4A7CE91D1CEC9A52005C0C3D /* LaunchScreen.storyboard */ = {
			isa = PBXVariantGroup;
			children = (
				4A7CE91E1CEC9A52005C0C3D /* Base */,
			);
			name = LaunchScreen.storyboard;
			sourceTree = "<group>";
		};
/* End PBXVariantGroup section */

/* Begin XCBuildConfiguration section */
		4A7CE9371CEC9A52005C0C3D /* Debug */ = {
			isa = XCBuildConfiguration;
			buildSettings = {
				ALWAYS_SEARCH_USER_PATHS = NO;
				CLANG_CXX_LANGUAGE_STANDARD = "gnu++0x";
				CLANG_CXX_LIBRARY = "libc++";
				CLANG_ENABLE_MODULES = YES;
				CLANG_ENABLE_OBJC_ARC = YES;
				CLANG_WARN_BOOL_CONVERSION = YES;
				CLANG_WARN_CONSTANT_CONVERSION = YES;
				CLANG_WARN_DIRECT_OBJC_ISA_USAGE = YES_ERROR;
				CLANG_WARN_EMPTY_BODY = YES;
				CLANG_WARN_ENUM_CONVERSION = YES;
				CLANG_WARN_INT_CONVERSION = YES;
				CLANG_WARN_OBJC_ROOT_CLASS = YES_ERROR;
				CLANG_WARN_UNREACHABLE_CODE = YES;
				CLANG_WARN__DUPLICATE_METHOD_MATCH = YES;
				"CODE_SIGN_IDENTITY[sdk=iphoneos*]" = "iPhone Developer";
				COPY_PHASE_STRIP = NO;
				DEBUG_INFORMATION_FORMAT = dwarf;
				ENABLE_STRICT_OBJC_MSGSEND = YES;
				ENABLE_TESTABILITY = YES;
				GCC_C_LANGUAGE_STANDARD = gnu99;
				GCC_DYNAMIC_NO_PIC = NO;
				GCC_NO_COMMON_BLOCKS = YES;
				GCC_OPTIMIZATION_LEVEL = 0;
				GCC_PREPROCESSOR_DEFINITIONS = (
					"DEBUG=1",
					"$(inherited)",
				);
				GCC_WARN_64_TO_32_BIT_CONVERSION = YES;
				GCC_WARN_ABOUT_RETURN_TYPE = YES_ERROR;
				GCC_WARN_UNDECLARED_SELECTOR = YES;
				GCC_WARN_UNINITIALIZED_AUTOS = YES_AGGRESSIVE;
				GCC_WARN_UNUSED_FUNCTION = YES;
				GCC_WARN_UNUSED_VARIABLE = YES;
				IPHONEOS_DEPLOYMENT_TARGET = 9.2;
				MTL_ENABLE_DEBUG_INFO = YES;
				ONLY_ACTIVE_ARCH = YES;
				SDKROOT = iphoneos;
				SWIFT_OPTIMIZATION_LEVEL = "-Onone";
			};
			name = Debug;
		};
		4A7CE9381CEC9A52005C0C3D /* Release */ = {
			isa = XCBuildConfiguration;
			buildSettings = {
				ALWAYS_SEARCH_USER_PATHS = NO;
				CLANG_CXX_LANGUAGE_STANDARD = "gnu++0x";
				CLANG_CXX_LIBRARY = "libc++";
				CLANG_ENABLE_MODULES = YES;
				CLANG_ENABLE_OBJC_ARC = YES;
				CLANG_WARN_BOOL_CONVERSION = YES;
				CLANG_WARN_CONSTANT_CONVERSION = YES;
				CLANG_WARN_DIRECT_OBJC_ISA_USAGE = YES_ERROR;
				CLANG_WARN_EMPTY_BODY = YES;
				CLANG_WARN_ENUM_CONVERSION = YES;
				CLANG_WARN_INT_CONVERSION = YES;
				CLANG_WARN_OBJC_ROOT_CLASS = YES_ERROR;
				CLANG_WARN_UNREACHABLE_CODE = YES;
				CLANG_WARN__DUPLICATE_METHOD_MATCH = YES;
				"CODE_SIGN_IDENTITY[sdk=iphoneos*]" = "iPhone Developer";
				COPY_PHASE_STRIP = NO;
				DEBUG_INFORMATION_FORMAT = "dwarf-with-dsym";
				ENABLE_NS_ASSERTIONS = NO;
				ENABLE_STRICT_OBJC_MSGSEND = YES;
				GCC_C_LANGUAGE_STANDARD = gnu99;
				GCC_NO_COMMON_BLOCKS = YES;
				GCC_WARN_64_TO_32_BIT_CONVERSION = YES;
				GCC_WARN_ABOUT_RETURN_TYPE = YES_ERROR;
				GCC_WARN_UNDECLARED_SELECTOR = YES;
				GCC_WARN_UNINITIALIZED_AUTOS = YES_AGGRESSIVE;
				GCC_WARN_UNUSED_FUNCTION = YES;
				GCC_WARN_UNUSED_VARIABLE = YES;
				IPHONEOS_DEPLOYMENT_TARGET = 9.2;
				MTL_ENABLE_DEBUG_INFO = NO;
				SDKROOT = iphoneos;
				VALIDATE_PRODUCT = YES;
			};
			name = Release;
		};
		4A7CE93A1CEC9A52005C0C3D /* Debug */ = {
			isa = XCBuildConfiguration;
			buildSettings = {
				ASSETCATALOG_COMPILER_APPICON_NAME = AppIcon;
				CODE_SIGN_IDENTITY = "iPhone Developer: Satish Mugala (XR297929LH)";
				INFOPLIST_FILE = Sanjay_Jenkins/Info.plist;
				IPHONEOS_DEPLOYMENT_TARGET = 8.0;
				LD_RUNPATH_SEARCH_PATHS = "$(inherited) @executable_path/Frameworks";
				PRODUCT_BUNDLE_IDENTIFIER = com.mobilewits.jenkins;
				PRODUCT_NAME = "$(TARGET_NAME)";
				PROVISIONING_PROFILE = "48ac8240-0c5f-45d4-aedc-22392550a03f";
			};
			name = Debug;
		};
		4A7CE93B1CEC9A52005C0C3D /* Release */ = {
			isa = XCBuildConfiguration;
			buildSettings = {
				ASSETCATALOG_COMPILER_APPICON_NAME = AppIcon;
				CODE_SIGN_IDENTITY = "iPhone Developer: Satish Mugala (XR297929LH)";
				INFOPLIST_FILE = Sanjay_Jenkins/Info.plist;
				IPHONEOS_DEPLOYMENT_TARGET = 8.0;
				LD_RUNPATH_SEARCH_PATHS = "$(inherited) @executable_path/Frameworks";
				PRODUCT_BUNDLE_IDENTIFIER = com.mobilewits.jenkins;
				PRODUCT_NAME = "$(TARGET_NAME)";
				PROVISIONING_PROFILE = "48ac8240-0c5f-45d4-aedc-22392550a03f";
			};
			name = Release;
		};
		4A7CE93D1CEC9A52005C0C3D /* Debug */ = {
			isa = XCBuildConfiguration;
			buildSettings = {
				BUNDLE_LOADER = "$(TEST_HOST)";
				INFOPLIST_FILE = Sanjay_JenkinsTests/Info.plist;
				LD_RUNPATH_SEARCH_PATHS = "$(inherited) @executable_path/Frameworks @loader_path/Frameworks";
				PRODUCT_BUNDLE_IDENTIFIER = "com.Sanjay-JenkinsTests";
				PRODUCT_NAME = "$(TARGET_NAME)";
				TEST_HOST = "$(BUILT_PRODUCTS_DIR)/Sanjay_Jenkins.app/Sanjay_Jenkins";
			};
			name = Debug;
		};
		4A7CE93E1CEC9A52005C0C3D /* Release */ = {
			isa = XCBuildConfiguration;
			buildSettings = {
				BUNDLE_LOADER = "$(TEST_HOST)";
				INFOPLIST_FILE = Sanjay_JenkinsTests/Info.plist;
				LD_RUNPATH_SEARCH_PATHS = "$(inherited) @executable_path/Frameworks @loader_path/Frameworks";
				PRODUCT_BUNDLE_IDENTIFIER = "com.Sanjay-JenkinsTests";
				PRODUCT_NAME = "$(TARGET_NAME)";
				TEST_HOST = "$(BUILT_PRODUCTS_DIR)/Sanjay_Jenkins.app/Sanjay_Jenkins";
			};
			name = Release;
		};
		4A7CE9401CEC9A52005C0C3D /* Debug */ = {
			isa = XCBuildConfiguration;
			buildSettings = {
				INFOPLIST_FILE = Sanjay_JenkinsUITests/Info.plist;
				LD_RUNPATH_SEARCH_PATHS = "$(inherited) @executable_path/Frameworks @loader_path/Frameworks";
				PRODUCT_BUNDLE_IDENTIFIER = "com.Sanjay-JenkinsUITests";
				PRODUCT_NAME = "$(TARGET_NAME)";
				TEST_TARGET_NAME = Sanjay_Jenkins;
				USES_XCTRUNNER = YES;
			};
			name = Debug;
		};
		4A7CE9411CEC9A52005C0C3D /* Release */ = {
			isa = XCBuildConfiguration;
			buildSettings = {
				INFOPLIST_FILE = Sanjay_JenkinsUITests/Info.plist;
				LD_RUNPATH_SEARCH_PATHS = "$(inherited) @executable_path/Frameworks @loader_path/Frameworks";
				PRODUCT_BUNDLE_IDENTIFIER = "com.Sanjay-JenkinsUITests";
				PRODUCT_NAME = "$(TARGET_NAME)";
				TEST_TARGET_NAME = Sanjay_Jenkins;
				USES_XCTRUNNER = YES;
			};
			name = Release;
		};
/* End XCBuildConfiguration section */

/* Begin XCConfigurationList section */
		4A7CE90C1CEC9A52005C0C3D /* Build configuration list for PBXProject "Sanjay_Jenkins" */ = {
			isa = XCConfigurationList;
			buildConfigurations = (
				4A7CE9371CEC9A52005C0C3D /* Debug */,
				4A7CE9381CEC9A52005C0C3D /* Release */,
			);
			defaultConfigurationIsVisible = 0;
			defaultConfigurationName = Release;
		};
		4A7CE9391CEC9A52005C0C3D /* Build configuration list for PBXNativeTarget "Sanjay_Jenkins" */ = {
			isa = XCConfigurationList;
			buildConfigurations = (
				4A7CE93A1CEC9A52005C0C3D /* Debug */,
				4A7CE93B1CEC9A52005C0C3D /* Release */,
			);
			defaultConfigurationIsVisible = 0;
			defaultConfigurationName = Release;
		};
		4A7CE93C1CEC9A52005C0C3D /* Build configuration list for PBXNativeTarget "Sanjay_JenkinsTests" */ = {
			isa = XCConfigurationList;
			buildConfigurations = (
				4A7CE93D1CEC9A52005C0C3D /* Debug */,
				4A7CE93E1CEC9A52005C0C3D /* Release */,
			);
			defaultConfigurationIsVisible = 0;
			defaultConfigurationName = Release;
		};
		4A7CE93F1CEC9A52005C0C3D /* Build configuration list for PBXNativeTarget "Sanjay_JenkinsUITests" */ = {
			isa = XCConfigurationList;
			buildConfigurations = (
				4A7CE9401CEC9A52005C0C3D /* Debug */,
				4A7CE9411CEC9A52005C0C3D /* Release */,
			);
			defaultConfigurationIsVisible = 0;
			defaultConfigurationName = Release;
		};
/* End XCConfigurationList section */
	};
	rootObject = 4A7CE9091CEC9A52005C0C3D /* Project object */;
}
